
Microsoft Visual Studio Solution File, Format Version 12.00
# Visual Studio 15
Project("{FAE04EC0-301F-11D3-BF4B-00C04F79EFBC}") = "AggregationCompositionIneritance", "AggregationCompositionIneritance\AggregationCompositionIneritance.csproj", "{8D2148B6-87FA-4D42-82F4-BB40DF13C300}"
EndProject
Global
	GlobalSection(SolutionConfigurationPlatforms) = preSolution
		Debug|Any CPU = Debug|Any CPU
		Release|Any CPU = Release|Any CPU
	EndGlobalSection
	GlobalSection(ProjectConfigurationPlatforms) = postSolution
		{8D2148B6-87FA-4D42-82F4-BB40DF13C300}.Debug|Any CPU.ActiveCfg = Debug|Any CPU
		{8D2148B6-87FA-4D42-82F4-BB40DF13C300}.Debug|Any CPU.Build.0 = Debug|Any CPU
		{8D2148B6-87FA-4D42-82F4-BB40DF13C300}.Release|Any CPU.ActiveCfg = Release|Any CPU
		{8D2148B6-87FA-4D42-82F4-BB40DF13C300}.Release|Any CPU.Build.0 = Release|Any CPU
	EndGlobalSection
EndGlobal
